
Microsoft Visual Studio Solution File, Format Version 12.00
# Visual Studio Version 17
VisualStudioVersion = 17.5.002.0
MinimumVisualStudioVersion = 10.0.40219.1
Project("{9A19103F-16F7-4668-BE54-9A1E7A4F7556}") = "DataAPI", "DataAPI.csproj", "{985733A1-047C-4E1F-8C03-17C7F43A5983}"
EndProject
Global
	GlobalSection(SolutionConfigurationPlatforms) = preSolution
		Debug|Any CPU = Debug|Any CPU
		Release|Any CPU = Release|Any CPU
	EndGlobalSection
	GlobalSection(ProjectConfigurationPlatforms) = postSolution
		{985733A1-047C-4E1F-8C03-17C7F43A5983}.Debug|Any CPU.ActiveCfg = Debug|Any CPU
		{985733A1-047C-4E1F-8C03-17C7F43A5983}.Debug|Any CPU.Build.0 = Debug|Any CPU
		{985733A1-047C-4E1F-8C03-17C7F43A5983}.Release|Any CPU.ActiveCfg = Release|Any CPU
		{985733A1-047C-4E1F-8C03-17C7F43A5983}.Release|Any CPU.Build.0 = Release|Any CPU
	EndGlobalSection
	GlobalSection(SolutionProperties) = preSolution
		HideSolutionNode = FALSE
	EndGlobalSection
	GlobalSection(ExtensibilityGlobals) = postSolution
		SolutionGuid = {F1CF780C-1301-487A-9F21-6CC6B00973C1}
	EndGlobalSection
EndGlobal
